// !$*UTF8*$!
{
	archiveVersion = 1;
	classes = {
	};
	objectVersion = 48;
	objects = {

/* Begin PBXBuildFile section */
		85967026202FE606004E1A70 /* AppDelegate.m in Sources */ = {isa = PBXBuildFile; fileRef = 85967025202FE606004E1A70 /* AppDelegate.m */; };
		85967029202FE606004E1A70 /* ViewController.m in Sources */ = {isa = PBXBuildFile; fileRef = 85967028202FE606004E1A70 /* ViewController.m */; };
		8596702C202FE606004E1A70 /* Main.storyboard in Resources */ = {isa = PBXBuildFile; fileRef = 8596702A202FE606004E1A70 /* Main.storyboard */; };
		8596702E202FE606004E1A70 /* Assets.xcassets in Resources */ = {isa = PBXBuildFile; fileRef = 8596702D202FE606004E1A70 /* Assets.xcassets */; };
		85967031202FE606004E1A70 /* LaunchScreen.storyboard in Resources */ = {isa = PBXBuildFile; fileRef = 8596702F202FE606004E1A70 /* LaunchScreen.storyboard */; };
		85967034202FE606004E1A70 /* main.m in Sources */ = {isa = PBXBuildFile; fileRef = 85967033202FE606004E1A70 /* main.m */; };
		8596703C202FE70B004E1A70 /* UIView+PointInside.m in Sources */ = {isa = PBXBuildFile; fileRef = 8596703B202FE70B004E1A70 /* UIView+PointInside.m */; };
/* End PBXBuildFile section */

/* Begin PBXFileReference section */
		85967021202FE606004E1A70 /* HHHPointInsde.app */ = {isa = PBXFileReference; explicitFileType = wrapper.application; includeInIndex = 0; path = HHHPointInsde.app; sourceTree = BUILT_PRODUCTS_DIR; };
		85967024202FE606004E1A70 /* AppDelegate.h */ = {isa = PBXFileReference; lastKnownFileType = sourcecode.c.h; path = AppDelegate.h; sourceTree = "<group>"; };
		85967025202FE606004E1A70 /* AppDelegate.m */ = {isa = PBXFileReference; lastKnownFileType = sourcecode.c.objc; path = AppDelegate.m; sourceTree = "<group>"; };
		85967027202FE606004E1A70 /* ViewController.h */ = {isa = PBXFileReference; lastKnownFileType = sourcecode.c.h; path = ViewController.h; sourceTree = "<group>"; };
		85967028202FE606004E1A70 /* ViewController.m */ = {isa = PBXFileReference; lastKnownFileType = sourcecode.c.objc; path = ViewController.m; sourceTree = "<group>"; };
		8596702B202FE606004E1A70 /* Base */ = {isa = PBXFileReference; lastKnownFileType = file.storyboard; name = Base; path = Base.lproj/Main.storyboard; sourceTree = "<group>"; };
		8596702D202FE606004E1A70 /* Assets.xcassets */ = {isa = PBXFileReference; lastKnownFileType = folder.assetcatalog; path = Assets.xcassets; sourceTree = "<group>"; };
		85967030202FE606004E1A70 /* Base */ = {isa = PBXFileReference; lastKnownFileType = file.storyboard; name = Base; path = Base.lproj/LaunchScreen.storyboard; sourceTree = "<group>"; };
		85967032202FE606004E1A70 /* Info.plist */ = {isa = PBXFileReference; lastKnownFileType = text.plist.xml; path = Info.plist; sourceTree = "<group>"; };
		85967033202FE606004E1A70 /* main.m */ = {isa = PBXFileReference; lastKnownFileType = sourcecode.c.objc; path = main.m; sourceTree = "<group>"; };
		8596703A202FE70B004E1A70 /* UIView+PointInside.h */ = {isa = PBXFileReference; fileEncoding = 4; lastKnownFileType = sourcecode.c.h; path = "UIView+PointInside.h"; sourceTree = "<group>"; };
		8596703B202FE70B004E1A70 /* UIView+PointInside.m */ = {isa = PBXFileReference; fileEncoding = 4; lastKnownFileType = sourcecode.c.objc; path = "UIView+PointInside.m"; sourceTree = "<group>"; };
/* End PBXFileReference section */

/* Begin PBXFrameworksBuildPhase section */
		8596701E202FE606004E1A70 /* Frameworks */ = {
			isa = PBXFrameworksBuildPhase;
			buildActionMask = 2147483647;
			files = (
			);
			runOnlyForDeploymentPostprocessing = 0;
		};
/* End PBXFrameworksBuildPhase section */

/* Begin PBXGroup section */
		85967018202FE606004E1A70 = {
			isa = PBXGroup;
			children = (
				85967023202FE606004E1A70 /* HHHPointInsde */,
				85967022202FE606004E1A70 /* Products */,
			);
			sourceTree = "<group>";
		};
		85967022202FE606004E1A70 /* Products */ = {
			isa = PBXGroup;
			children = (
				85967021202FE606004E1A70 /* HHHPointInsde.app */,
			);
			name = Products;
			sourceTree = "<group>";
		};
		85967023202FE606004E1A70 /* HHHPointInsde */ = {
			isa = PBXGroup;
			children = (
				85967024202FE606004E1A70 /* AppDelegate.h */,
				85967025202FE606004E1A70 /* AppDelegate.m */,
				85967027202FE606004E1A70 /* ViewController.h */,
				85967028202FE606004E1A70 /* ViewController.m */,
				8596703A202FE70B004E1A70 /* UIView+PointInside.h */,
				8596703B202FE70B004E1A70 /* UIView+PointInside.m */,
				8596702A202FE606004E1A70 /* Main.storyboard */,
				8596702D202FE606004E1A70 /* Assets.xcassets */,
				8596702F202FE606004E1A70 /* LaunchScreen.storyboard */,
				85967032202FE606004E1A70 /* Info.plist */,
				85967033202FE606004E1A70 /* main.m */,
			);
			path = HHHPointInsde;
			sourceTree = "<group>";
		};
/* End PBXGroup section */

/* Begin PBXNativeTarget section */
		85967020202FE606004E1A70 /* HHHPointInsde */ = {
			isa = PBXNativeTarget;
			buildConfigurationList = 85967037202FE606004E1A70 /* Build configuration list for PBXNativeTarget "HHHPointInsde" */;
			buildPhases = (
				8596701D202FE606004E1A70 /* Sources */,
				8596701E202FE606004E1A70 /* Frameworks */,
				8596701F202FE606004E1A70 /* Resources */,
			);
			buildRules = (
			);
			dependencies = (
			);
			name = HHHPointInsde;
			productName = HHHPointInsde;
			productReference = 85967021202FE606004E1A70 /* HHHPointInsde.app */;
			productType = "com.apple.product-type.application";
		};
/* End PBXNativeTarget section */

/* Begin PBXProject section */
		85967019202FE606004E1A70 /* Project object */ = {
			isa = PBXProject;
			attributes = {
				LastUpgradeCheck = 0920;
				ORGANIZATIONNAME = com.hhh.www;
				TargetAttributes = {
					85967020202FE606004E1A70 = {
						CreatedOnToolsVersion = 9.2;
						ProvisioningStyle = Automatic;
					};
				};
			};
			buildConfigurationList = 8596701C202FE606004E1A70 /* Build configuration list for PBXProject "HHHPointInsde" */;
			compatibilityVersion = "Xcode 8.0";
			developmentRegion = en;
			hasScannedForEncodings = 0;
			knownRegions = (
				en,
				Base,
			);
			mainGroup = 85967018202FE606004E1A70;
			productRefGroup = 85967022202FE606004E1A70 /* Products */;
			projectDirPath = "";
			projectRoot = "";
			targets = (
				85967020202FE606004E1A70 /* HHHPointInsde */,
			);
		};
/* End PBXProject section */

/* Begin PBXResourcesBuildPhase section */
		8596701F202FE606004E1A70 /* Resources */ = {
			isa = PBXResourcesBuildPhase;
			buildActionMask = 2147483647;
			files = (
				85967031202FE606004E1A70 /* LaunchScreen.storyboard in Resources */,
				8596702E202FE606004E1A70 /* Assets.xcassets in Resources */,
				8596702C202FE606004E1A70 /* Main.storyboard in Resources */,
			);
			runOnlyForDeploymentPostprocessing = 0;
		};
/* End PBXResourcesBuildPhase section */

/* Begin PBXSourcesBuildPhase section */
		8596701D202FE606004E1A70 /* Sources */ = {
			isa = PBXSourcesBuildPhase;
			buildActionMask = 2147483647;
			files = (
				85967029202FE606004E1A70 /* ViewController.m in Sources */,
				8596703C202FE70B004E1A70 /* UIView+PointInside.m in Sources */,
				85967034202FE606004E1A70 /* main.m in Sources */,
				85967026202FE606004E1A70 /* AppDelegate.m in Sources */,
			);
			runOnlyForDeploymentPostprocessing = 0;
		};
/* End PBXSourcesBuildPhase section */

/* Begin PBXVariantGroup section */
		8596702A202FE606004E1A70 /* Main.storyboard */ = {
			isa = PBXVariantGroup;
			children = (
				8596702B202FE606004E1A70 /* Base */,
			);
			name = Main.storyboard;
			sourceTree = "<group>";
		};
		8596702F202FE606004E1A70 /* LaunchScreen.storyboard */ = {
			isa = PBXVariantGroup;
			children = (
				85967030202FE606004E1A70 /* Base */,
			);
			name = LaunchScreen.storyboard;
			sourceTree = "<group>";
		};
/* End PBXVariantGroup section */

/* Begin XCBuildConfiguration section */
		85967035202FE606004E1A70 /* Debug */ = {
			isa = XCBuildConfiguration;
			buildSettings = {
				ALWAYS_SEARCH_USER_PATHS = NO;
				CLANG_ANALYZER_NONNULL = YES;
				CLANG_ANALYZER_NUMBER_OBJECT_CONVERSION = YES_AGGRESSIVE;
				CLANG_CXX_LANGUAGE_STANDARD = "gnu++14";
				CLANG_CXX_LIBRARY = "libc++";
				CLANG_ENABLE_MODULES = YES;
				CLANG_ENABLE_OBJC_ARC = YES;
				CLANG_WARN_BLOCK_CAPTURE_AUTORELEASING = YES;
				CLANG_WARN_BOOL_CONVERSION = YES;
				CLANG_WARN_COMMA = YES;
				CLANG_WARN_CONSTANT_CONVERSION = YES;
				CLANG_WARN_DIRECT_OBJC_ISA_USAGE = YES_ERROR;
				CLANG_WARN_DOCUMENTATION_COMMENTS = YES;
				CLANG_WARN_EMPTY_BODY = YES;
				CLANG_WARN_ENUM_CONVERSION = YES;
				CLANG_WARN_INFINITE_RECURSION = YES;
				CLANG_WARN_INT_CONVERSION = YES;
				CLANG_WARN_NON_LITERAL_NULL_CONVERSION = YES;
				CLANG_WARN_OBJC_LITERAL_CONVERSION = YES;
				CLANG_WARN_OBJC_ROOT_CLASS = YES_ERROR;
				CLANG_WARN_RANGE_LOOP_ANALYSIS = YES;
				CLANG_WARN_STRICT_PROTOTYPES = YES;
				CLANG_WARN_SUSPICIOUS_MOVE = YES;
				CLANG_WARN_UNGUARDED_AVAILABILITY = YES_AGGRESSIVE;
				CLANG_WARN_UNREACHABLE_CODE = YES;
				CLANG_WARN__DUPLICATE_METHOD_MATCH = YES;
				CODE_SIGN_IDENTITY = "iPhone Developer";
				COPY_PHASE_STRIP = NO;
				DEBUG_INFORMATION_FORMAT = dwarf;
				ENABLE_STRICT_OBJC_MSGSEND = YES;
				ENABLE_TESTABILITY = YES;
				GCC_C_LANGUAGE_STANDARD = gnu11;
				GCC_DYNAMIC_NO_PIC = NO;
				GCC_NO_COMMON_BLOCKS = YES;
				GCC_OPTIMIZATION_LEVEL = 0;
				GCC_PREPROCESSOR_DEFINITIONS = (
					"DEBUG=1",
					"$(inherited)",
				);
				GCC_WARN_64_TO_32_BIT_CONVERSION = YES;
				GCC_WARN_ABOUT_RETURN_TYPE = YES_ERROR;
				GCC_WARN_UNDECLARED_SELECTOR = YES;
				GCC_WARN_UNINITIALIZED_AUTOS = YES_AGGRESSIVE;
				GCC_WARN_UNUSED_FUNCTION = YES;
				GCC_WARN_UNUSED_VARIABLE = YES;
				IPHONEOS_DEPLOYMENT_TARGET = 11.2;
				MTL_ENABLE_DEBUG_INFO = YES;
				ONLY_ACTIVE_ARCH = YES;
				SDKROOT = iphoneos;
			};
			name = Debug;
		};
		85967036202FE606004E1A70 /* Release */ = {
			isa = XCBuildConfiguration;
			buildSettings = {
				ALWAYS_SEARCH_USER_PATHS = NO;
				CLANG_ANALYZER_NONNULL = YES;
				CLANG_ANALYZER_NUMBER_OBJECT_CONVERSION = YES_AGGRESSIVE;
				CLANG_CXX_LANGUAGE_STANDARD = "gnu++14";
				CLANG_CXX_LIBRARY = "libc++";
				CLANG_ENABLE_MODULES = YES;
				CLANG_ENABLE_OBJC_ARC = YES;
				CLANG_WARN_BLOCK_CAPTURE_AUTORELEASING = YES;
				CLANG_WARN_BOOL_CONVERSION = YES;
				CLANG_WARN_COMMA = YES;
				CLANG_WARN_CONSTANT_CONVERSION = YES;
				CLANG_WARN_DIRECT_OBJC_ISA_USAGE = YES_ERROR;
				CLANG_WARN_DOCUMENTATION_COMMENTS = YES;
				CLANG_WARN_EMPTY_BODY = YES;
				CLANG_WARN_ENUM_CONVERSION = YES;
				CLANG_WARN_INFINITE_RECURSION = YES;
				CLANG_WARN_INT_CONVERSION = YES;
				CLANG_WARN_NON_LITERAL_NULL_CONVERSION = YES;
				CLANG_WARN_OBJC_LITERAL_CONVERSION = YES;
				CLANG_WARN_OBJC_ROOT_CLASS = YES_ERROR;
				CLANG_WARN_RANGE_LOOP_ANALYSIS = YES;
				CLANG_WARN_STRICT_PROTOTYPES = YES;
				CLANG_WARN_SUSPICIOUS_MOVE = YES;
				CLANG_WARN_UNGUARDED_AVAILABILITY = YES_AGGRESSIVE;
				CLANG_WARN_UNREACHABLE_CODE = YES;
				CLANG_WARN__DUPLICATE_METHOD_MATCH = YES;
				CODE_SIGN_IDENTITY = "iPhone Developer";
				COPY_PHASE_STRIP = NO;
				DEBUG_INFORMATION_FORMAT = "dwarf-with-dsym";
				ENABLE_NS_ASSERTIONS = NO;
				ENABLE_STRICT_OBJC_MSGSEND = YES;
				GCC_C_LANGUAGE_STANDARD = gnu11;
				GCC_NO_COMMON_BLOCKS = YES;
				GCC_WARN_64_TO_32_BIT_CONVERSION = YES;
				GCC_WARN_ABOUT_RETURN_TYPE = YES_ERROR;
				GCC_WARN_UNDECLARED_SELECTOR = YES;
				GCC_WARN_UNINITIALIZED_AUTOS = YES_AGGRESSIVE;
				GCC_WARN_UNUSED_FUNCTION = YES;
				GCC_WARN_UNUSED_VARIABLE = YES;
				IPHONEOS_DEPLOYMENT_TARGET = 11.2;
				MTL_ENABLE_DEBUG_INFO = NO;
				SDKROOT = iphoneos;
				VALIDATE_PRODUCT = YES;
			};
			name = Release;
		};
		85967038202FE606004E1A70 /* Debug */ = {
			isa = XCBuildConfiguration;
			buildSettings = {
				ASSETCATALOG_COMPILER_APPICON_NAME = AppIcon;
				CODE_SIGN_STYLE = Automatic;
				INFOPLIST_FILE = HHHPointInsde/Info.plist;
				LD_RUNPATH_SEARCH_PATHS = "$(inherited) @executable_path/Frameworks";
				PRODUCT_BUNDLE_IDENTIFIER = com.hhh.www.HHHPointInsde;
				PRODUCT_NAME = "$(TARGET_NAME)";
				TARGETED_DEVICE_FAMILY = "1,2";
			};
			name = Debug;
		};
		85967039202FE606004E1A70 /* Release */ = {
			isa = XCBuildConfiguration;
			buildSettings = {
				ASSETCATALOG_COMPILER_APPICON_NAME = AppIcon;
				CODE_SIGN_STYLE = Automatic;
				INFOPLIST_FILE = HHHPointInsde/Info.plist;
				LD_RUNPATH_SEARCH_PATHS = "$(inherited) @executable_path/Frameworks";
				PRODUCT_BUNDLE_IDENTIFIER = com.hhh.www.HHHPointInsde;
				PRODUCT_NAME = "$(TARGET_NAME)";
				TARGETED_DEVICE_FAMILY = "1,2";
			};
			name = Release;
		};
/* End XCBuildConfiguration section */

/* Begin XCConfigurationList section */
		8596701C202FE606004E1A70 /* Build configuration list for PBXProject "HHHPointInsde" */ = {
			isa = XCConfigurationList;
			buildConfigurations = (
				85967035202FE606004E1A70 /* Debug */,
				85967036202FE606004E1A70 /* Release */,
			);
			defaultConfigurationIsVisible = 0;
			defaultConfigurationName = Release;
		};
		85967037202FE606004E1A70 /* Build configuration list for PBXNativeTarget "HHHPointInsde" */ = {
			isa = XCConfigurationList;
			buildConfigurations = (
				85967038202FE606004E1A70 /* Debug */,
				85967039202FE606004E1A70 /* Release */,
			);
			defaultConfigurationIsVisible = 0;
			defaultConfigurationName = Release;
		};
/* End XCConfigurationList section */
	};
	rootObject = 85967019202FE606004E1A70 /* Project object */;
}
